
Microsoft Visual Studio Solution File, Format Version 12.00
# Visual Studio 14
VisualStudioVersion = 14.0.25420.1
MinimumVisualStudioVersion = 10.0.40219.1
Project("{FAE04EC0-301F-11D3-BF4B-00C04F79EFBC}") = "DublettenChecker", "DublettenChecker\DublettenChecker.csproj", "{0C5E34A7-90FE-4234-8DB6-85B46DAF7122}"
EndProject
Project("{FAE04EC0-301F-11D3-BF4B-00C04F79EFBC}") = "DublettenCheckerTest", "DublettenCheckerTest\DublettenCheckerTest.csproj", "{7BEF51D0-B2AE-4745-A8EE-A6A45B2C7801}"
EndProject
Project("{2150E333-8FDC-42A3-9474-1A3956D46DE8}") = "Solution Items", "Solution Items", "{BE4403D6-325E-4689-9B16-826B9A59A823}"
	ProjectSection(SolutionItems) = preProject
		README.md = README.md
	EndProjectSection
EndProject
Global
	GlobalSection(SolutionConfigurationPlatforms) = preSolution
		Debug|Any CPU = Debug|Any CPU
		Release|Any CPU = Release|Any CPU
	EndGlobalSection
	GlobalSection(ProjectConfigurationPlatforms) = postSolution
		{0C5E34A7-90FE-4234-8DB6-85B46DAF7122}.Debug|Any CPU.ActiveCfg = Debug|Any CPU
		{0C5E34A7-90FE-4234-8DB6-85B46DAF7122}.Debug|Any CPU.Build.0 = Debug|Any CPU
		{0C5E34A7-90FE-4234-8DB6-85B46DAF7122}.Release|Any CPU.ActiveCfg = Release|Any CPU
		{0C5E34A7-90FE-4234-8DB6-85B46DAF7122}.Release|Any CPU.Build.0 = Release|Any CPU
		{7BEF51D0-B2AE-4745-A8EE-A6A45B2C7801}.Debug|Any CPU.ActiveCfg = Debug|Any CPU
		{7BEF51D0-B2AE-4745-A8EE-A6A45B2C7801}.Debug|Any CPU.Build.0 = Debug|Any CPU
		{7BEF51D0-B2AE-4745-A8EE-A6A45B2C7801}.Release|Any CPU.ActiveCfg = Release|Any CPU
		{7BEF51D0-B2AE-4745-A8EE-A6A45B2C7801}.Release|Any CPU.Build.0 = Release|Any CPU
	EndGlobalSection
	GlobalSection(SolutionProperties) = preSolution
		HideSolutionNode = FALSE
	EndGlobalSection
EndGlobal
